{
  "name": "cyber-range-website",
  "version": "0.1.0",
  "lockfileVersion": 3,
  "requires": true,
  "packages": {
    "": {
      "name": "cyber-range-website",
      "version": "0.1.0",
      "workspaces": [
        "frontend",
        "backend",
        "database"
      ]
    },
    "backend": {
      "name": "@rangewebsite/backend",
      "version": "0.1.0"
    },
    "database": {
      "name": "@rangewebsite/database",
      "version": "0.1.0"
    },
    "frontend": {
      "name": "@rangewebsite/frontend",
      "version": "0.1.0"
    },
    "node_modules/@rangewebsite/backend": {
      "resolved": "backend",
      "link": true
    },
    "node_modules/@rangewebsite/database": {
      "resolved": "database",
      "link": true
    },
    "node_modules/@rangewebsite/frontend": {
      "resolved": "frontend",
      "link": true
    }
  }
}
